
Microsoft Visual Studio Solution File, Format Version 12.00
# Visual Studio Version 17
VisualStudioVersion = 17.0.32112.339
MinimumVisualStudioVersion = 10.0.40219.1
Project("{FAE04EC0-301F-11D3-BF4B-00C04F79EFBC}") = "CosmosWar", "GameSharp\CosmosWar.csproj", "{8A92BE17-EA91-4ED8-8F95-9B231CBDB0B8}"
EndProject
Project("{FAE04EC0-301F-11D3-BF4B-00C04F79EFBC}") = "CosmosWar_GDI", "CosmosWar_GDI\CosmosWar_GDI.csproj", "{1D5135BC-F87E-4705-BCE6-5CF91881BBDD}"
EndProject
Project("{2150E333-8FDC-42A3-9474-1A3956D46DE8}") = "Solution Items", "Solution Items", "{CFA1BB0F-34DB-453B-9D82-2066EB3D12B1}"
EndProject
Global
	GlobalSection(SolutionConfigurationPlatforms) = preSolution
		Debug|Any CPU = Debug|Any CPU
		Debug|x64 = Debug|x64
		Debug|x86 = Debug|x86
		Release|Any CPU = Release|Any CPU
		Release|x64 = Release|x64
		Release|x86 = Release|x86
	EndGlobalSection
	GlobalSection(ProjectConfigurationPlatforms) = postSolution
		{8A92BE17-EA91-4ED8-8F95-9B231CBDB0B8}.Debug|Any CPU.ActiveCfg = Debug|Any CPU
		{8A92BE17-EA91-4ED8-8F95-9B231CBDB0B8}.Debug|Any CPU.Build.0 = Debug|Any CPU
		{8A92BE17-EA91-4ED8-8F95-9B231CBDB0B8}.Debug|x64.ActiveCfg = Debug|Any CPU
		{8A92BE17-EA91-4ED8-8F95-9B231CBDB0B8}.Debug|x64.Build.0 = Debug|Any CPU
		{8A92BE17-EA91-4ED8-8F95-9B231CBDB0B8}.Debug|x86.ActiveCfg = Debug|Any CPU
		{8A92BE17-EA91-4ED8-8F95-9B231CBDB0B8}.Debug|x86.Build.0 = Debug|Any CPU
		{8A92BE17-EA91-4ED8-8F95-9B231CBDB0B8}.Release|Any CPU.ActiveCfg = Release|Any CPU
		{8A92BE17-EA91-4ED8-8F95-9B231CBDB0B8}.Release|Any CPU.Build.0 = Release|Any CPU
		{8A92BE17-EA91-4ED8-8F95-9B231CBDB0B8}.Release|x64.ActiveCfg = Release|Any CPU
		{8A92BE17-EA91-4ED8-8F95-9B231CBDB0B8}.Release|x64.Build.0 = Release|Any CPU
		{8A92BE17-EA91-4ED8-8F95-9B231CBDB0B8}.Release|x86.ActiveCfg = Release|Any CPU
		{8A92BE17-EA91-4ED8-8F95-9B231CBDB0B8}.Release|x86.Build.0 = Release|Any CPU
		{1D5135BC-F87E-4705-BCE6-5CF91881BBDD}.Debug|Any CPU.ActiveCfg = Debug|Any CPU
		{1D5135BC-F87E-4705-BCE6-5CF91881BBDD}.Debug|Any CPU.Build.0 = Debug|Any CPU
		{1D5135BC-F87E-4705-BCE6-5CF91881BBDD}.Debug|x64.ActiveCfg = Debug|Any CPU
		{1D5135BC-F87E-4705-BCE6-5CF91881BBDD}.Debug|x64.Build.0 = Debug|Any CPU
		{1D5135BC-F87E-4705-BCE6-5CF91881BBDD}.Debug|x86.ActiveCfg = Debug|Any CPU
		{1D5135BC-F87E-4705-BCE6-5CF91881BBDD}.Debug|x86.Build.0 = Debug|Any CPU
		{1D5135BC-F87E-4705-BCE6-5CF91881BBDD}.Release|Any CPU.ActiveCfg = Release|Any CPU
		{1D5135BC-F87E-4705-BCE6-5CF91881BBDD}.Release|Any CPU.Build.0 = Release|Any CPU
		{1D5135BC-F87E-4705-BCE6-5CF91881BBDD}.Release|x64.ActiveCfg = Release|Any CPU
		{1D5135BC-F87E-4705-BCE6-5CF91881BBDD}.Release|x64.Build.0 = Release|Any CPU
		{1D5135BC-F87E-4705-BCE6-5CF91881BBDD}.Release|x86.ActiveCfg = Release|Any CPU
		{1D5135BC-F87E-4705-BCE6-5CF91881BBDD}.Release|x86.Build.0 = Release|Any CPU
	EndGlobalSection
	GlobalSection(SolutionProperties) = preSolution
		HideSolutionNode = FALSE
	EndGlobalSection
	GlobalSection(ExtensibilityGlobals) = postSolution
		SolutionGuid = {CCDF6969-FEF0-409B-8C7D-626CEB2AFC3D}
	EndGlobalSection
EndGlobal
